
Microsoft Visual Studio Solution File, Format Version 12.00
# Visual Studio Version 16
VisualStudioVersion = 16.0.29326.143
MinimumVisualStudioVersion = 10.0.40219.1
Project("{FAE04EC0-301F-11D3-BF4B-00C04F79EFBC}") = "MousePositionbyAshton", "MousePositionbyAshton\MousePositionbyAshton.csproj", "{6C3F26A3-384B-4398-9D02-45165C55410B}"
EndProject
Global
	GlobalSection(SolutionConfigurationPlatforms) = preSolution
		Debug|Any CPU = Debug|Any CPU
		Release|Any CPU = Release|Any CPU
	EndGlobalSection
	GlobalSection(ProjectConfigurationPlatforms) = postSolution
		{6C3F26A3-384B-4398-9D02-45165C55410B}.Debug|Any CPU.ActiveCfg = Debug|Any CPU
		{6C3F26A3-384B-4398-9D02-45165C55410B}.Debug|Any CPU.Build.0 = Debug|Any CPU
		{6C3F26A3-384B-4398-9D02-45165C55410B}.Release|Any CPU.ActiveCfg = Release|Any CPU
		{6C3F26A3-384B-4398-9D02-45165C55410B}.Release|Any CPU.Build.0 = Release|Any CPU
	EndGlobalSection
	GlobalSection(SolutionProperties) = preSolution
		HideSolutionNode = FALSE
	EndGlobalSection
	GlobalSection(ExtensibilityGlobals) = postSolution
		SolutionGuid = {292C8F0B-8C15-4DCB-A7C3-1E1034334C83}
	EndGlobalSection
EndGlobal
