
Microsoft Visual Studio Solution File, Format Version 12.00
# Visual Studio Version 16
VisualStudioVersion = 16.0.29102.190
MinimumVisualStudioVersion = 10.0.40219.1
Project("{FAE04EC0-301F-11D3-BF4B-00C04F79EFBC}") = "bot.v.0.05", "bot.v.0.05.csproj", "{CEF916B0-0D59-4E31-9FEF-BC36E5C3A62E}"
EndProject
Global
	GlobalSection(SolutionConfigurationPlatforms) = preSolution
		Debug|Any CPU = Debug|Any CPU
		Release|Any CPU = Release|Any CPU
	EndGlobalSection
	GlobalSection(ProjectConfigurationPlatforms) = postSolution
		{CEF916B0-0D59-4E31-9FEF-BC36E5C3A62E}.Debug|Any CPU.ActiveCfg = Debug|Any CPU
		{CEF916B0-0D59-4E31-9FEF-BC36E5C3A62E}.Debug|Any CPU.Build.0 = Debug|Any CPU
		{CEF916B0-0D59-4E31-9FEF-BC36E5C3A62E}.Release|Any CPU.ActiveCfg = Release|Any CPU
		{CEF916B0-0D59-4E31-9FEF-BC36E5C3A62E}.Release|Any CPU.Build.0 = Release|Any CPU
	EndGlobalSection
	GlobalSection(SolutionProperties) = preSolution
		HideSolutionNode = FALSE
	EndGlobalSection
	GlobalSection(ExtensibilityGlobals) = postSolution
		SolutionGuid = {0C28DF40-E452-46E1-933D-387F308F87A2}
	EndGlobalSection
EndGlobal
